
Microsoft Visual Studio Solution File, Format Version 12.00
# Visual Studio 15
VisualStudioVersion = 15.0.26124.0
MinimumVisualStudioVersion = 15.0.26124.0
Project("{FAE04EC0-301F-11D3-BF4B-00C04F79EFBC}") = "Shared", "Shared\Shared.csproj", "{543B512C-F85C-4A5C-931F-FDBA1C8CC1D6}"
EndProject
Project("{FAE04EC0-301F-11D3-BF4B-00C04F79EFBC}") = "Web", "Web\Web.csproj", "{30D07809-5D4E-4BBD-B000-68F30CCFCD85}"
EndProject
Project("{FAE04EC0-301F-11D3-BF4B-00C04F79EFBC}") = "Backend", "Backend\Backend.csproj", "{CABFA3B3-B967-41AF-9CE4-87BBB27BF4E6}"
EndProject
Global
	GlobalSection(SolutionConfigurationPlatforms) = preSolution
		Debug|Any CPU = Debug|Any CPU
		Debug|x64 = Debug|x64
		Debug|x86 = Debug|x86
		Release|Any CPU = Release|Any CPU
		Release|x64 = Release|x64
		Release|x86 = Release|x86
	EndGlobalSection
	GlobalSection(SolutionProperties) = preSolution
		HideSolutionNode = FALSE
	EndGlobalSection
	GlobalSection(ProjectConfigurationPlatforms) = postSolution
		{543B512C-F85C-4A5C-931F-FDBA1C8CC1D6}.Debug|Any CPU.ActiveCfg = Debug|Any CPU
		{543B512C-F85C-4A5C-931F-FDBA1C8CC1D6}.Debug|Any CPU.Build.0 = Debug|Any CPU
		{543B512C-F85C-4A5C-931F-FDBA1C8CC1D6}.Debug|x64.ActiveCfg = Debug|Any CPU
		{543B512C-F85C-4A5C-931F-FDBA1C8CC1D6}.Debug|x64.Build.0 = Debug|Any CPU
		{543B512C-F85C-4A5C-931F-FDBA1C8CC1D6}.Debug|x86.ActiveCfg = Debug|Any CPU
		{543B512C-F85C-4A5C-931F-FDBA1C8CC1D6}.Debug|x86.Build.0 = Debug|Any CPU
		{543B512C-F85C-4A5C-931F-FDBA1C8CC1D6}.Release|Any CPU.ActiveCfg = Release|Any CPU
		{543B512C-F85C-4A5C-931F-FDBA1C8CC1D6}.Release|Any CPU.Build.0 = Release|Any CPU
		{543B512C-F85C-4A5C-931F-FDBA1C8CC1D6}.Release|x64.ActiveCfg = Release|Any CPU
		{543B512C-F85C-4A5C-931F-FDBA1C8CC1D6}.Release|x64.Build.0 = Release|Any CPU
		{543B512C-F85C-4A5C-931F-FDBA1C8CC1D6}.Release|x86.ActiveCfg = Release|Any CPU
		{543B512C-F85C-4A5C-931F-FDBA1C8CC1D6}.Release|x86.Build.0 = Release|Any CPU
		{30D07809-5D4E-4BBD-B000-68F30CCFCD85}.Debug|Any CPU.ActiveCfg = Debug|Any CPU
		{30D07809-5D4E-4BBD-B000-68F30CCFCD85}.Debug|Any CPU.Build.0 = Debug|Any CPU
		{30D07809-5D4E-4BBD-B000-68F30CCFCD85}.Debug|x64.ActiveCfg = Debug|Any CPU
		{30D07809-5D4E-4BBD-B000-68F30CCFCD85}.Debug|x64.Build.0 = Debug|Any CPU
		{30D07809-5D4E-4BBD-B000-68F30CCFCD85}.Debug|x86.ActiveCfg = Debug|Any CPU
		{30D07809-5D4E-4BBD-B000-68F30CCFCD85}.Debug|x86.Build.0 = Debug|Any CPU
		{30D07809-5D4E-4BBD-B000-68F30CCFCD85}.Release|Any CPU.ActiveCfg = Release|Any CPU
		{30D07809-5D4E-4BBD-B000-68F30CCFCD85}.Release|Any CPU.Build.0 = Release|Any CPU
		{30D07809-5D4E-4BBD-B000-68F30CCFCD85}.Release|x64.ActiveCfg = Release|Any CPU
		{30D07809-5D4E-4BBD-B000-68F30CCFCD85}.Release|x64.Build.0 = Release|Any CPU
		{30D07809-5D4E-4BBD-B000-68F30CCFCD85}.Release|x86.ActiveCfg = Release|Any CPU
		{30D07809-5D4E-4BBD-B000-68F30CCFCD85}.Release|x86.Build.0 = Release|Any CPU
		{CABFA3B3-B967-41AF-9CE4-87BBB27BF4E6}.Debug|Any CPU.ActiveCfg = Debug|Any CPU
		{CABFA3B3-B967-41AF-9CE4-87BBB27BF4E6}.Debug|Any CPU.Build.0 = Debug|Any CPU
		{CABFA3B3-B967-41AF-9CE4-87BBB27BF4E6}.Debug|x64.ActiveCfg = Debug|Any CPU
		{CABFA3B3-B967-41AF-9CE4-87BBB27BF4E6}.Debug|x64.Build.0 = Debug|Any CPU
		{CABFA3B3-B967-41AF-9CE4-87BBB27BF4E6}.Debug|x86.ActiveCfg = Debug|Any CPU
		{CABFA3B3-B967-41AF-9CE4-87BBB27BF4E6}.Debug|x86.Build.0 = Debug|Any CPU
		{CABFA3B3-B967-41AF-9CE4-87BBB27BF4E6}.Release|Any CPU.ActiveCfg = Release|Any CPU
		{CABFA3B3-B967-41AF-9CE4-87BBB27BF4E6}.Release|Any CPU.Build.0 = Release|Any CPU
		{CABFA3B3-B967-41AF-9CE4-87BBB27BF4E6}.Release|x64.ActiveCfg = Release|Any CPU
		{CABFA3B3-B967-41AF-9CE4-87BBB27BF4E6}.Release|x64.Build.0 = Release|Any CPU
		{CABFA3B3-B967-41AF-9CE4-87BBB27BF4E6}.Release|x86.ActiveCfg = Release|Any CPU
		{CABFA3B3-B967-41AF-9CE4-87BBB27BF4E6}.Release|x86.Build.0 = Release|Any CPU
	EndGlobalSection
EndGlobal
